
Microsoft Visual Studio Solution File, Format Version 12.00
# Visual Studio Version 16
VisualStudioVersion = 16.0.31729.503
MinimumVisualStudioVersion = 10.0.40219.1
Project("{2150E333-8FDC-42A3-9474-1A3956D46DE8}") = "CleanArchitecture.Application", "CleanArchitecture.Application", "{4FBDC173-8BB0-4924-A05F-89E4BC212595}"
EndProject
Project("{2150E333-8FDC-42A3-9474-1A3956D46DE8}") = "CleanArchitecture.Domain", "CleanArchitecture.Domain", "{2D28A66B-763D-42DA-AC7F-6D3536CC5132}"
EndProject
Project("{2150E333-8FDC-42A3-9474-1A3956D46DE8}") = "CleanArchitecture.Infra.IoC", "CleanArchitecture.Infra.IoC", "{F7364FB5-1162-454E-8B7A-5458F376DD18}"
EndProject
Project("{2150E333-8FDC-42A3-9474-1A3956D46DE8}") = "CleanArchitecture.Infra.Data", "CleanArchitecture.Infra.Data", "{781CB7B7-BCD3-4785-A671-685C6FFA25DA}"
EndProject
Project("{2150E333-8FDC-42A3-9474-1A3956D46DE8}") = "CleanArchitecture.UI.Mvc", "CleanArchitecture.UI.Mvc", "{50A59CD3-D406-41F2-AACB-130C29361680}"
EndProject
Global
	GlobalSection(SolutionProperties) = preSolution
		HideSolutionNode = FALSE
	EndGlobalSection
	GlobalSection(ExtensibilityGlobals) = postSolution
		SolutionGuid = {CD8D4776-A10B-44D6-A6EF-34E17C7624B2}
	EndGlobalSection
EndGlobal
